
Microsoft Visual Studio Solution File, Format Version 12.00
# Visual Studio 14
VisualStudioVersion = 14.0.23107.0
MinimumVisualStudioVersion = 10.0.40219.1
Project("{FAE04EC0-301F-11D3-BF4B-00C04F79EFBC}") = "BIMCoordinatorToolAPI", "BIMCoordinatorTool\BIMCoordinatorToolAPI.csproj", "{F3E5B2AA-5FEC-42E4-804A-363F11506848}"
EndProject
Project("{FAE04EC0-301F-11D3-BF4B-00C04F79EFBC}") = "MailTest", "MailTester\MailTest.csproj", "{2FAFA42D-C94C-43C7-830A-FEDA11578029}"
EndProject
Project("{FAE04EC0-301F-11D3-BF4B-00C04F79EFBC}") = "BIMCoordinatorToolWpf", "BIMCoordinatorToolWpf\BIMCoordinatorToolWpf.csproj", "{73C5A9B7-9AD6-4FDB-9718-379FEE2658B6}"
EndProject
Global
	GlobalSection(SolutionConfigurationPlatforms) = preSolution
		Debug|Any CPU = Debug|Any CPU
		Release|Any CPU = Release|Any CPU
	EndGlobalSection
	GlobalSection(ProjectConfigurationPlatforms) = postSolution
		{F3E5B2AA-5FEC-42E4-804A-363F11506848}.Debug|Any CPU.ActiveCfg = Debug|Any CPU
		{F3E5B2AA-5FEC-42E4-804A-363F11506848}.Debug|Any CPU.Build.0 = Debug|Any CPU
		{F3E5B2AA-5FEC-42E4-804A-363F11506848}.Release|Any CPU.ActiveCfg = Release|Any CPU
		{F3E5B2AA-5FEC-42E4-804A-363F11506848}.Release|Any CPU.Build.0 = Release|Any CPU
		{2FAFA42D-C94C-43C7-830A-FEDA11578029}.Debug|Any CPU.ActiveCfg = Debug|Any CPU
		{2FAFA42D-C94C-43C7-830A-FEDA11578029}.Debug|Any CPU.Build.0 = Debug|Any CPU
		{2FAFA42D-C94C-43C7-830A-FEDA11578029}.Release|Any CPU.ActiveCfg = Release|Any CPU
		{2FAFA42D-C94C-43C7-830A-FEDA11578029}.Release|Any CPU.Build.0 = Release|Any CPU
		{73C5A9B7-9AD6-4FDB-9718-379FEE2658B6}.Debug|Any CPU.ActiveCfg = Debug|Any CPU
		{73C5A9B7-9AD6-4FDB-9718-379FEE2658B6}.Debug|Any CPU.Build.0 = Debug|Any CPU
		{73C5A9B7-9AD6-4FDB-9718-379FEE2658B6}.Release|Any CPU.ActiveCfg = Release|Any CPU
		{73C5A9B7-9AD6-4FDB-9718-379FEE2658B6}.Release|Any CPU.Build.0 = Release|Any CPU
	EndGlobalSection
	GlobalSection(SolutionProperties) = preSolution
		HideSolutionNode = FALSE
	EndGlobalSection
EndGlobal
